
Microsoft Visual Studio Solution File, Format Version 12.00
# Visual Studio Version 17
VisualStudioVersion = 17.7.34031.279
MinimumVisualStudioVersion = 10.0.40219.1
Project("{FAE04EC0-301F-11D3-BF4B-00C04F79EFBC}") = "PlatformaSocialBookmarking", "PlatformaSocialBookmarking\PlatformaSocialBookmarking.csproj", "{38C4176B-9F88-4F0C-A8CA-7B47E6535088}"
EndProject
Global
	GlobalSection(SolutionConfigurationPlatforms) = preSolution
		Debug|Any CPU = Debug|Any CPU
		Release|Any CPU = Release|Any CPU
	EndGlobalSection
	GlobalSection(ProjectConfigurationPlatforms) = postSolution
		{38C4176B-9F88-4F0C-A8CA-7B47E6535088}.Debug|Any CPU.ActiveCfg = Debug|Any CPU
		{38C4176B-9F88-4F0C-A8CA-7B47E6535088}.Debug|Any CPU.Build.0 = Debug|Any CPU
		{38C4176B-9F88-4F0C-A8CA-7B47E6535088}.Release|Any CPU.ActiveCfg = Release|Any CPU
		{38C4176B-9F88-4F0C-A8CA-7B47E6535088}.Release|Any CPU.Build.0 = Release|Any CPU
	EndGlobalSection
	GlobalSection(SolutionProperties) = preSolution
		HideSolutionNode = FALSE
	EndGlobalSection
	GlobalSection(ExtensibilityGlobals) = postSolution
		SolutionGuid = {EF6F5963-6202-497D-A670-98C7934C3973}
	EndGlobalSection
EndGlobal
